
Microsoft Visual Studio Solution File, Format Version 12.00
# Visual Studio Version 16
VisualStudioVersion = 16.0.30804.86
MinimumVisualStudioVersion = 10.0.40219.1
Project("{9A19103F-16F7-4668-BE54-9A1E7A4F7556}") = "APIColdonet", "APIColdonet\APIColdonet.csproj", "{776F3130-4BD7-456F-A543-3CFE9D72C8DF}"
EndProject
Global
	GlobalSection(SolutionConfigurationPlatforms) = preSolution
		Debug|Any CPU = Debug|Any CPU
		Release|Any CPU = Release|Any CPU
	EndGlobalSection
	GlobalSection(ProjectConfigurationPlatforms) = postSolution
		{776F3130-4BD7-456F-A543-3CFE9D72C8DF}.Debug|Any CPU.ActiveCfg = Debug|Any CPU
		{776F3130-4BD7-456F-A543-3CFE9D72C8DF}.Debug|Any CPU.Build.0 = Debug|Any CPU
		{776F3130-4BD7-456F-A543-3CFE9D72C8DF}.Release|Any CPU.ActiveCfg = Release|Any CPU
		{776F3130-4BD7-456F-A543-3CFE9D72C8DF}.Release|Any CPU.Build.0 = Release|Any CPU
	EndGlobalSection
	GlobalSection(SolutionProperties) = preSolution
		HideSolutionNode = FALSE
	EndGlobalSection
	GlobalSection(ExtensibilityGlobals) = postSolution
		SolutionGuid = {D0463A21-A879-40EB-A5E1-7B084D21822D}
	EndGlobalSection
EndGlobal
