
Microsoft Visual Studio Solution File, Format Version 12.00
# Visual Studio Version 16
VisualStudioVersion = 16.0.30804.86
MinimumVisualStudioVersion = 10.0.40219.1
Project("{FAE04EC0-301F-11D3-BF4B-00C04F79EFBC}") = "ColdonetDAT", "ColdonetDAT\ColdonetDAT.csproj", "{1E187997-0FC7-4BF0-8C1B-AFE94CBC19C6}"
EndProject
Project("{FAE04EC0-301F-11D3-BF4B-00C04F79EFBC}") = "ColdonetNEG", "ColdonetNEG\ColdonetNEG.csproj", "{EB5D578B-AE3D-4499-B5ED-AD8D87618D2A}"
EndProject
Project("{FAE04EC0-301F-11D3-BF4B-00C04F79EFBC}") = "ColdonetENT", "ColdonetENT\ColdonetENT.csproj", "{A2EAF133-34E5-4B69-B3DD-4BF09F7F0B0B}"
EndProject
Project("{FAE04EC0-301F-11D3-BF4B-00C04F79EFBC}") = "APIColdonet", "APIColdonet\APIColdonet.csproj", "{776F3130-4BD7-456F-A543-3CFE9D72C8DF}"
EndProject
Global
	GlobalSection(SolutionConfigurationPlatforms) = preSolution
		Debug|Any CPU = Debug|Any CPU
		Release|Any CPU = Release|Any CPU
	EndGlobalSection
	GlobalSection(ProjectConfigurationPlatforms) = postSolution
		{1E187997-0FC7-4BF0-8C1B-AFE94CBC19C6}.Debug|Any CPU.ActiveCfg = Debug|Any CPU
		{1E187997-0FC7-4BF0-8C1B-AFE94CBC19C6}.Debug|Any CPU.Build.0 = Debug|Any CPU
		{1E187997-0FC7-4BF0-8C1B-AFE94CBC19C6}.Release|Any CPU.ActiveCfg = Release|Any CPU
		{1E187997-0FC7-4BF0-8C1B-AFE94CBC19C6}.Release|Any CPU.Build.0 = Release|Any CPU
		{EB5D578B-AE3D-4499-B5ED-AD8D87618D2A}.Debug|Any CPU.ActiveCfg = Debug|Any CPU
		{EB5D578B-AE3D-4499-B5ED-AD8D87618D2A}.Debug|Any CPU.Build.0 = Debug|Any CPU
		{EB5D578B-AE3D-4499-B5ED-AD8D87618D2A}.Release|Any CPU.ActiveCfg = Release|Any CPU
		{EB5D578B-AE3D-4499-B5ED-AD8D87618D2A}.Release|Any CPU.Build.0 = Release|Any CPU
		{A2EAF133-34E5-4B69-B3DD-4BF09F7F0B0B}.Debug|Any CPU.ActiveCfg = Debug|Any CPU
		{A2EAF133-34E5-4B69-B3DD-4BF09F7F0B0B}.Debug|Any CPU.Build.0 = Debug|Any CPU
		{A2EAF133-34E5-4B69-B3DD-4BF09F7F0B0B}.Release|Any CPU.ActiveCfg = Release|Any CPU
		{A2EAF133-34E5-4B69-B3DD-4BF09F7F0B0B}.Release|Any CPU.Build.0 = Release|Any CPU
		{776F3130-4BD7-456F-A543-3CFE9D72C8DF}.Debug|Any CPU.ActiveCfg = Debug|Any CPU
		{776F3130-4BD7-456F-A543-3CFE9D72C8DF}.Debug|Any CPU.Build.0 = Debug|Any CPU
		{776F3130-4BD7-456F-A543-3CFE9D72C8DF}.Release|Any CPU.ActiveCfg = Release|Any CPU
		{776F3130-4BD7-456F-A543-3CFE9D72C8DF}.Release|Any CPU.Build.0 = Release|Any CPU
	EndGlobalSection
	GlobalSection(SolutionProperties) = preSolution
		HideSolutionNode = FALSE
	EndGlobalSection
	GlobalSection(ExtensibilityGlobals) = postSolution
		SolutionGuid = {D0463A21-A879-40EB-A5E1-7B084D21822D}
	EndGlobalSection
EndGlobal
